// !$*UTF8*$!
{
	archiveVersion = 1;
	classes = {
	};
	objectVersion = 56;
	objects = {

/* Begin PBXBuildFile section */
		F54F4ADD29A54B1000E9364F /* AppDelegate.swift in Sources */ = {isa = PBXBuildFile; fileRef = F54F4ADC29A54B1000E9364F /* AppDelegate.swift */; };
		F54F4ADF29A54B1000E9364F /* SceneDelegate.swift in Sources */ = {isa = PBXBuildFile; fileRef = F54F4ADE29A54B1000E9364F /* SceneDelegate.swift */; };
		F54F4AE129A54B1000E9364F /* ViewController.swift in Sources */ = {isa = PBXBuildFile; fileRef = F54F4AE029A54B1000E9364F /* ViewController.swift */; };
		F54F4AE429A54B1000E9364F /* Main.storyboard in Resources */ = {isa = PBXBuildFile; fileRef = F54F4AE229A54B1000E9364F /* Main.storyboard */; };
		F54F4AE629A54B1100E9364F /* Assets.xcassets in Resources */ = {isa = PBXBuildFile; fileRef = F54F4AE529A54B1100E9364F /* Assets.xcassets */; };
		F54F4AE929A54B1100E9364F /* LaunchScreen.storyboard in Resources */ = {isa = PBXBuildFile; fileRef = F54F4AE729A54B1100E9364F /* LaunchScreen.storyboard */; };
		F54F4AF129A54C3D00E9364F /* CityState.swift in Sources */ = {isa = PBXBuildFile; fileRef = F54F4AF029A54C3D00E9364F /* CityState.swift */; };
		F54F4AF329A558C200E9364F /* NavigateViewController.swift in Sources */ = {isa = PBXBuildFile; fileRef = F54F4AF229A558C200E9364F /* NavigateViewController.swift */; };
		F5E209D129A680FD0049BAD9 /* CityLogic.swift in Sources */ = {isa = PBXBuildFile; fileRef = F5E209D029A680FD0049BAD9 /* CityLogic.swift */; };
/* End PBXBuildFile section */

/* Begin PBXFileReference section */
		F54F4AD929A54B1000E9364F /* TableViewApp.app */ = {isa = PBXFileReference; explicitFileType = wrapper.application; includeInIndex = 0; path = TableViewApp.app; sourceTree = BUILT_PRODUCTS_DIR; };
		F54F4ADC29A54B1000E9364F /* AppDelegate.swift */ = {isa = PBXFileReference; lastKnownFileType = sourcecode.swift; path = AppDelegate.swift; sourceTree = "<group>"; };
		F54F4ADE29A54B1000E9364F /* SceneDelegate.swift */ = {isa = PBXFileReference; lastKnownFileType = sourcecode.swift; path = SceneDelegate.swift; sourceTree = "<group>"; };
		F54F4AE029A54B1000E9364F /* ViewController.swift */ = {isa = PBXFileReference; lastKnownFileType = sourcecode.swift; path = ViewController.swift; sourceTree = "<group>"; };
		F54F4AE329A54B1000E9364F /* Base */ = {isa = PBXFileReference; lastKnownFileType = file.storyboard; name = Base; path = Base.lproj/Main.storyboard; sourceTree = "<group>"; };
		F54F4AE529A54B1100E9364F /* Assets.xcassets */ = {isa = PBXFileReference; lastKnownFileType = folder.assetcatalog; path = Assets.xcassets; sourceTree = "<group>"; };
		F54F4AE829A54B1100E9364F /* Base */ = {isa = PBXFileReference; lastKnownFileType = file.storyboard; name = Base; path = Base.lproj/LaunchScreen.storyboard; sourceTree = "<group>"; };
		F54F4AEA29A54B1100E9364F /* Info.plist */ = {isa = PBXFileReference; lastKnownFileType = text.plist.xml; path = Info.plist; sourceTree = "<group>"; };
		F54F4AF029A54C3D00E9364F /* CityState.swift */ = {isa = PBXFileReference; lastKnownFileType = sourcecode.swift; path = CityState.swift; sourceTree = "<group>"; };
		F54F4AF229A558C200E9364F /* NavigateViewController.swift */ = {isa = PBXFileReference; lastKnownFileType = sourcecode.swift; path = NavigateViewController.swift; sourceTree = "<group>"; };
		F5E209D029A680FD0049BAD9 /* CityLogic.swift */ = {isa = PBXFileReference; lastKnownFileType = sourcecode.swift; path = CityLogic.swift; sourceTree = "<group>"; };
/* End PBXFileReference section */

/* Begin PBXFrameworksBuildPhase section */
		F54F4AD629A54B1000E9364F /* Frameworks */ = {
			isa = PBXFrameworksBuildPhase;
			buildActionMask = 2147483647;
			files = (
			);
			runOnlyForDeploymentPostprocessing = 0;
		};
/* End PBXFrameworksBuildPhase section */

/* Begin PBXGroup section */
		F54F4AD029A54B1000E9364F = {
			isa = PBXGroup;
			children = (
				F54F4ADB29A54B1000E9364F /* TableViewApp */,
				F54F4ADA29A54B1000E9364F /* Products */,
			);
			sourceTree = "<group>";
		};
		F54F4ADA29A54B1000E9364F /* Products */ = {
			isa = PBXGroup;
			children = (
				F54F4AD929A54B1000E9364F /* TableViewApp.app */,
			);
			name = Products;
			sourceTree = "<group>";
		};
		F54F4ADB29A54B1000E9364F /* TableViewApp */ = {
			isa = PBXGroup;
			children = (
				F54F4ADC29A54B1000E9364F /* AppDelegate.swift */,
				F54F4ADE29A54B1000E9364F /* SceneDelegate.swift */,
				F54F4AF529A55D9700E9364F /* Model */,
				F54F4AF429A55D6700E9364F /* View */,
				F54F4AE229A54B1000E9364F /* Main.storyboard */,
				F54F4AE529A54B1100E9364F /* Assets.xcassets */,
				F54F4AE729A54B1100E9364F /* LaunchScreen.storyboard */,
				F54F4AEA29A54B1100E9364F /* Info.plist */,
			);
			path = TableViewApp;
			sourceTree = "<group>";
		};
		F54F4AF429A55D6700E9364F /* View */ = {
			isa = PBXGroup;
			children = (
				F54F4AE029A54B1000E9364F /* ViewController.swift */,
				F54F4AF229A558C200E9364F /* NavigateViewController.swift */,
			);
			path = View;
			sourceTree = "<group>";
		};
		F54F4AF529A55D9700E9364F /* Model */ = {
			isa = PBXGroup;
			children = (
				F5E209D029A680FD0049BAD9 /* CityLogic.swift */,
				F54F4AF029A54C3D00E9364F /* CityState.swift */,
			);
			path = Model;
			sourceTree = "<group>";
		};
/* End PBXGroup section */

/* Begin PBXNativeTarget section */
		F54F4AD829A54B1000E9364F /* TableViewApp */ = {
			isa = PBXNativeTarget;
			buildConfigurationList = F54F4AED29A54B1100E9364F /* Build configuration list for PBXNativeTarget "TableViewApp" */;
			buildPhases = (
				F54F4AD529A54B1000E9364F /* Sources */,
				F54F4AD629A54B1000E9364F /* Frameworks */,
				F54F4AD729A54B1000E9364F /* Resources */,
			);
			buildRules = (
			);
			dependencies = (
			);
			name = TableViewApp;
			productName = TableViewApp;
			productReference = F54F4AD929A54B1000E9364F /* TableViewApp.app */;
			productType = "com.apple.product-type.application";
		};
/* End PBXNativeTarget section */

/* Begin PBXProject section */
		F54F4AD129A54B1000E9364F /* Project object */ = {
			isa = PBXProject;
			attributes = {
				BuildIndependentTargetsInParallel = 1;
				LastSwiftUpdateCheck = 1420;
				LastUpgradeCheck = 1420;
				TargetAttributes = {
					F54F4AD829A54B1000E9364F = {
						CreatedOnToolsVersion = 14.2;
					};
				};
			};
			buildConfigurationList = F54F4AD429A54B1000E9364F /* Build configuration list for PBXProject "TableViewApp" */;
			compatibilityVersion = "Xcode 14.0";
			developmentRegion = en;
			hasScannedForEncodings = 0;
			knownRegions = (
				en,
				Base,
			);
			mainGroup = F54F4AD029A54B1000E9364F;
			productRefGroup = F54F4ADA29A54B1000E9364F /* Products */;
			projectDirPath = "";
			projectRoot = "";
			targets = (
				F54F4AD829A54B1000E9364F /* TableViewApp */,
			);
		};
/* End PBXProject section */

/* Begin PBXResourcesBuildPhase section */
		F54F4AD729A54B1000E9364F /* Resources */ = {
			isa = PBXResourcesBuildPhase;
			buildActionMask = 2147483647;
			files = (
				F54F4AE929A54B1100E9364F /* LaunchScreen.storyboard in Resources */,
				F54F4AE629A54B1100E9364F /* Assets.xcassets in Resources */,
				F54F4AE429A54B1000E9364F /* Main.storyboard in Resources */,
			);
			runOnlyForDeploymentPostprocessing = 0;
		};
/* End PBXResourcesBuildPhase section */

/* Begin PBXSourcesBuildPhase section */
		F54F4AD529A54B1000E9364F /* Sources */ = {
			isa = PBXSourcesBuildPhase;
			buildActionMask = 2147483647;
			files = (
				F54F4AF129A54C3D00E9364F /* CityState.swift in Sources */,
				F54F4AE129A54B1000E9364F /* ViewController.swift in Sources */,
				F54F4ADD29A54B1000E9364F /* AppDelegate.swift in Sources */,
				F54F4AF329A558C200E9364F /* NavigateViewController.swift in Sources */,
				F5E209D129A680FD0049BAD9 /* CityLogic.swift in Sources */,
				F54F4ADF29A54B1000E9364F /* SceneDelegate.swift in Sources */,
			);
			runOnlyForDeploymentPostprocessing = 0;
		};
/* End PBXSourcesBuildPhase section */

/* Begin PBXVariantGroup section */
		F54F4AE229A54B1000E9364F /* Main.storyboard */ = {
			isa = PBXVariantGroup;
			children = (
				F54F4AE329A54B1000E9364F /* Base */,
			);
			name = Main.storyboard;
			sourceTree = "<group>";
		};
		F54F4AE729A54B1100E9364F /* LaunchScreen.storyboard */ = {
			isa = PBXVariantGroup;
			children = (
				F54F4AE829A54B1100E9364F /* Base */,
			);
			name = LaunchScreen.storyboard;
			sourceTree = "<group>";
		};
/* End PBXVariantGroup section */

/* Begin XCBuildConfiguration section */
		F54F4AEB29A54B1100E9364F /* Debug */ = {
			isa = XCBuildConfiguration;
			buildSettings = {
				ALWAYS_SEARCH_USER_PATHS = NO;
				CLANG_ANALYZER_NONNULL = YES;
				CLANG_ANALYZER_NUMBER_OBJECT_CONVERSION = YES_AGGRESSIVE;
				CLANG_CXX_LANGUAGE_STANDARD = "gnu++20";
				CLANG_ENABLE_MODULES = YES;
				CLANG_ENABLE_OBJC_ARC = YES;
				CLANG_ENABLE_OBJC_WEAK = YES;
				CLANG_WARN_BLOCK_CAPTURE_AUTORELEASING = YES;
				CLANG_WARN_BOOL_CONVERSION = YES;
				CLANG_WARN_COMMA = YES;
				CLANG_WARN_CONSTANT_CONVERSION = YES;
				CLANG_WARN_DEPRECATED_OBJC_IMPLEMENTATIONS = YES;
				CLANG_WARN_DIRECT_OBJC_ISA_USAGE = YES_ERROR;
				CLANG_WARN_DOCUMENTATION_COMMENTS = YES;
				CLANG_WARN_EMPTY_BODY = YES;
				CLANG_WARN_ENUM_CONVERSION = YES;
				CLANG_WARN_INFINITE_RECURSION = YES;
				CLANG_WARN_INT_CONVERSION = YES;
				CLANG_WARN_NON_LITERAL_NULL_CONVERSION = YES;
				CLANG_WARN_OBJC_IMPLICIT_RETAIN_SELF = YES;
				CLANG_WARN_OBJC_LITERAL_CONVERSION = YES;
				CLANG_WARN_OBJC_ROOT_CLASS = YES_ERROR;
				CLANG_WARN_QUOTED_INCLUDE_IN_FRAMEWORK_HEADER = YES;
				CLANG_WARN_RANGE_LOOP_ANALYSIS = YES;
				CLANG_WARN_STRICT_PROTOTYPES = YES;
				CLANG_WARN_SUSPICIOUS_MOVE = YES;
				CLANG_WARN_UNGUARDED_AVAILABILITY = YES_AGGRESSIVE;
				CLANG_WARN_UNREACHABLE_CODE = YES;
				CLANG_WARN__DUPLICATE_METHOD_MATCH = YES;
				COPY_PHASE_STRIP = NO;
				DEBUG_INFORMATION_FORMAT = dwarf;
				ENABLE_STRICT_OBJC_MSGSEND = YES;
				ENABLE_TESTABILITY = YES;
				GCC_C_LANGUAGE_STANDARD = gnu11;
				GCC_DYNAMIC_NO_PIC = NO;
				GCC_NO_COMMON_BLOCKS = YES;
				GCC_OPTIMIZATION_LEVEL = 0;
				GCC_PREPROCESSOR_DEFINITIONS = (
					"DEBUG=1",
					"$(inherited)",
				);
				GCC_WARN_64_TO_32_BIT_CONVERSION = YES;
				GCC_WARN_ABOUT_RETURN_TYPE = YES_ERROR;
				GCC_WARN_UNDECLARED_SELECTOR = YES;
				GCC_WARN_UNINITIALIZED_AUTOS = YES_AGGRESSIVE;
				GCC_WARN_UNUSED_FUNCTION = YES;
				GCC_WARN_UNUSED_VARIABLE = YES;
				IPHONEOS_DEPLOYMENT_TARGET = 16.2;
				MTL_ENABLE_DEBUG_INFO = INCLUDE_SOURCE;
				MTL_FAST_MATH = YES;
				ONLY_ACTIVE_ARCH = YES;
				SDKROOT = iphoneos;
				SWIFT_ACTIVE_COMPILATION_CONDITIONS = DEBUG;
				SWIFT_OPTIMIZATION_LEVEL = "-Onone";
			};
			name = Debug;
		};
		F54F4AEC29A54B1100E9364F /* Release */ = {
			isa = XCBuildConfiguration;
			buildSettings = {
				ALWAYS_SEARCH_USER_PATHS = NO;
				CLANG_ANALYZER_NONNULL = YES;
				CLANG_ANALYZER_NUMBER_OBJECT_CONVERSION = YES_AGGRESSIVE;
				CLANG_CXX_LANGUAGE_STANDARD = "gnu++20";
				CLANG_ENABLE_MODULES = YES;
				CLANG_ENABLE_OBJC_ARC = YES;
				CLANG_ENABLE_OBJC_WEAK = YES;
				CLANG_WARN_BLOCK_CAPTURE_AUTORELEASING = YES;
				CLANG_WARN_BOOL_CONVERSION = YES;
				CLANG_WARN_COMMA = YES;
				CLANG_WARN_CONSTANT_CONVERSION = YES;
				CLANG_WARN_DEPRECATED_OBJC_IMPLEMENTATIONS = YES;
				CLANG_WARN_DIRECT_OBJC_ISA_USAGE = YES_ERROR;
				CLANG_WARN_DOCUMENTATION_COMMENTS = YES;
				CLANG_WARN_EMPTY_BODY = YES;
				CLANG_WARN_ENUM_CONVERSION = YES;
				CLANG_WARN_INFINITE_RECURSION = YES;
				CLANG_WARN_INT_CONVERSION = YES;
				CLANG_WARN_NON_LITERAL_NULL_CONVERSION = YES;
				CLANG_WARN_OBJC_IMPLICIT_RETAIN_SELF = YES;
				CLANG_WARN_OBJC_LITERAL_CONVERSION = YES;
				CLANG_WARN_OBJC_ROOT_CLASS = YES_ERROR;
				CLANG_WARN_QUOTED_INCLUDE_IN_FRAMEWORK_HEADER = YES;
				CLANG_WARN_RANGE_LOOP_ANALYSIS = YES;
				CLANG_WARN_STRICT_PROTOTYPES = YES;
				CLANG_WARN_SUSPICIOUS_MOVE = YES;
				CLANG_WARN_UNGUARDED_AVAILABILITY = YES_AGGRESSIVE;
				CLANG_WARN_UNREACHABLE_CODE = YES;
				CLANG_WARN__DUPLICATE_METHOD_MATCH = YES;
				COPY_PHASE_STRIP = NO;
				DEBUG_INFORMATION_FORMAT = "dwarf-with-dsym";
				ENABLE_NS_ASSERTIONS = NO;
				ENABLE_STRICT_OBJC_MSGSEND = YES;
				GCC_C_LANGUAGE_STANDARD = gnu11;
				GCC_NO_COMMON_BLOCKS = YES;
				GCC_WARN_64_TO_32_BIT_CONVERSION = YES;
				GCC_WARN_ABOUT_RETURN_TYPE = YES_ERROR;
				GCC_WARN_UNDECLARED_SELECTOR = YES;
				GCC_WARN_UNINITIALIZED_AUTOS = YES_AGGRESSIVE;
				GCC_WARN_UNUSED_FUNCTION = YES;
				GCC_WARN_UNUSED_VARIABLE = YES;
				IPHONEOS_DEPLOYMENT_TARGET = 16.2;
				MTL_ENABLE_DEBUG_INFO = NO;
				MTL_FAST_MATH = YES;
				SDKROOT = iphoneos;
				SWIFT_COMPILATION_MODE = wholemodule;
				SWIFT_OPTIMIZATION_LEVEL = "-O";
				VALIDATE_PRODUCT = YES;
			};
			name = Release;
		};
		F54F4AEE29A54B1100E9364F /* Debug */ = {
			isa = XCBuildConfiguration;
			buildSettings = {
				ASSETCATALOG_COMPILER_APPICON_NAME = AppIcon;
				ASSETCATALOG_COMPILER_GLOBAL_ACCENT_COLOR_NAME = AccentColor;
				CODE_SIGN_STYLE = Automatic;
				CURRENT_PROJECT_VERSION = 1;
				GENERATE_INFOPLIST_FILE = YES;
				INFOPLIST_FILE = TableViewApp/Info.plist;
				INFOPLIST_KEY_UIApplicationSupportsIndirectInputEvents = YES;
				INFOPLIST_KEY_UILaunchStoryboardName = LaunchScreen;
				INFOPLIST_KEY_UIMainStoryboardFile = Main;
				INFOPLIST_KEY_UISupportedInterfaceOrientations = "UIInterfaceOrientationLandscapeLeft UIInterfaceOrientationLandscapeRight UIInterfaceOrientationPortrait UIInterfaceOrientationPortraitUpsideDown";
				LD_RUNPATH_SEARCH_PATHS = (
					"$(inherited)",
					"@executable_path/Frameworks",
				);
				MARKETING_VERSION = 1.0;
				PRODUCT_BUNDLE_IDENTIFIER = edu.auburn.onlinecsse.TableViewApp;
				PRODUCT_NAME = "$(TARGET_NAME)";
				SWIFT_EMIT_LOC_STRINGS = YES;
				SWIFT_VERSION = 5.0;
				TARGETED_DEVICE_FAMILY = "1,2";
			};
			name = Debug;
		};
		F54F4AEF29A54B1100E9364F /* Release */ = {
			isa = XCBuildConfiguration;
			buildSettings = {
				ASSETCATALOG_COMPILER_APPICON_NAME = AppIcon;
				ASSETCATALOG_COMPILER_GLOBAL_ACCENT_COLOR_NAME = AccentColor;
				CODE_SIGN_STYLE = Automatic;
				CURRENT_PROJECT_VERSION = 1;
				GENERATE_INFOPLIST_FILE = YES;
				INFOPLIST_FILE = TableViewApp/Info.plist;
				INFOPLIST_KEY_UIApplicationSupportsIndirectInputEvents = YES;
				INFOPLIST_KEY_UILaunchStoryboardName = LaunchScreen;
				INFOPLIST_KEY_UIMainStoryboardFile = Main;
				INFOPLIST_KEY_UISupportedInterfaceOrientations = "UIInterfaceOrientationLandscapeLeft UIInterfaceOrientationLandscapeRight UIInterfaceOrientationPortrait UIInterfaceOrientationPortraitUpsideDown";
				LD_RUNPATH_SEARCH_PATHS = (
					"$(inherited)",
					"@executable_path/Frameworks",
				);
				MARKETING_VERSION = 1.0;
				PRODUCT_BUNDLE_IDENTIFIER = edu.auburn.onlinecsse.TableViewApp;
				PRODUCT_NAME = "$(TARGET_NAME)";
				SWIFT_EMIT_LOC_STRINGS = YES;
				SWIFT_VERSION = 5.0;
				TARGETED_DEVICE_FAMILY = "1,2";
			};
			name = Release;
		};
/* End XCBuildConfiguration section */

/* Begin XCConfigurationList section */
		F54F4AD429A54B1000E9364F /* Build configuration list for PBXProject "TableViewApp" */ = {
			isa = XCConfigurationList;
			buildConfigurations = (
				F54F4AEB29A54B1100E9364F /* Debug */,
				F54F4AEC29A54B1100E9364F /* Release */,
			);
			defaultConfigurationIsVisible = 0;
			defaultConfigurationName = Release;
		};
		F54F4AED29A54B1100E9364F /* Build configuration list for PBXNativeTarget "TableViewApp" */ = {
			isa = XCConfigurationList;
			buildConfigurations = (
				F54F4AEE29A54B1100E9364F /* Debug */,
				F54F4AEF29A54B1100E9364F /* Release */,
			);
			defaultConfigurationIsVisible = 0;
			defaultConfigurationName = Release;
		};
/* End XCConfigurationList section */
	};
	rootObject = F54F4AD129A54B1000E9364F /* Project object */;
}
